
Microsoft Visual Studio Solution File, Format Version 12.00
# Visual Studio Version 17
VisualStudioVersion = 17.2.32317.152
MinimumVisualStudioVersion = 10.0.40219.1
Project("{2150E333-8FDC-42A3-9474-1A3956D46DE8}") = "src", "src", "{31A076A9-A02E-4B1E-AD26-6F9204D835C6}"
EndProject
Project("{2150E333-8FDC-42A3-9474-1A3956D46DE8}") = "Building Blocks", "Building Blocks", "{45494BDD-2158-4798-AC0B-792D903F2E8F}"
EndProject
Project("{2150E333-8FDC-42A3-9474-1A3956D46DE8}") = "Web", "Web", "{FC3DDBE3-ED0E-414F-8DBE-0DD227BE15A8}"
EndProject
Project("{2150E333-8FDC-42A3-9474-1A3956D46DE8}") = "Core", "Core", "{C706E230-24D3-4222-8436-54A86A603564}"
EndProject
Project("{9A19103F-16F7-4668-BE54-9A1E7A4F7556}") = "Latelier.WebApp.MVC", "src\Web\Latelier.WebApp.MVC\Latelier.WebApp.MVC.csproj", "{D120BFA9-D400-454F-9163-3703CA18F363}"
EndProject
Project("{2150E333-8FDC-42A3-9474-1A3956D46DE8}") = "Services", "Services", "{76E8FAC5-EE22-4EB8-BAE2-A1EB56E2A6AD}"
EndProject
Project("{2150E333-8FDC-42A3-9474-1A3956D46DE8}") = "Carrinho", "Carrinho", "{3D2DF580-1F9F-4411-A5CA-C98BC420853F}"
EndProject
Project("{2150E333-8FDC-42A3-9474-1A3956D46DE8}") = "Catalogo", "Catalogo", "{D7554F42-7957-473D-AD5A-1D923E92CAE4}"
EndProject
Project("{2150E333-8FDC-42A3-9474-1A3956D46DE8}") = "Cliente", "Cliente", "{5A8D8438-DFCB-48FC-8C7C-008314BED846}"
EndProject
Project("{2150E333-8FDC-42A3-9474-1A3956D46DE8}") = "Identidade", "Identidade", "{6CD967AF-A0B6-4942-8A84-51787D1582D2}"
EndProject
Project("{2150E333-8FDC-42A3-9474-1A3956D46DE8}") = "Pagamento", "Pagamento", "{DDC6C746-9DD6-40F7-85B6-745CA5FB9046}"
EndProject
Project("{2150E333-8FDC-42A3-9474-1A3956D46DE8}") = "Pedido", "Pedido", "{31EF924E-457C-4815-8382-2695C1F0DBF8}"
EndProject
Project("{9A19103F-16F7-4668-BE54-9A1E7A4F7556}") = "MJ.Solutions.Identidade.API", "src\Services\MJ.Solutions.Identidade.API\MJ.Solutions.Identidade.API.csproj", "{E1E8879B-938A-4A2A-9319-2423AFAB1A8D}"
EndProject
Project("{9A19103F-16F7-4668-BE54-9A1E7A4F7556}") = "MJ.Solutions.Carrinho.API", "src\Services\MJ.Solutions.Carrinho.API\MJ.Solutions.Carrinho.API.csproj", "{9EE21F97-CE8F-4026-9E43-9FEF5EB24919}"
EndProject
Project("{9A19103F-16F7-4668-BE54-9A1E7A4F7556}") = "MJ.Solutions.Cliente.API", "src\Services\MJ.Solutions.Cliente.API\MJ.Solutions.Cliente.API.csproj", "{6A88A378-AD01-4964-86E9-E64A5A244A4A}"
EndProject
Project("{9A19103F-16F7-4668-BE54-9A1E7A4F7556}") = "MJ.Solutions.Core", "src\Building Blocks\MJ.Solutions.Core\MJ.Solutions.Core.csproj", "{83E00DF3-2F98-4D35-B620-8ED1D9D0E6B6}"
EndProject
Project("{9A19103F-16F7-4668-BE54-9A1E7A4F7556}") = "MJ.Solutions.Catalogo.API", "src\Services\MJ.Solutions.Catalogo.API\MJ.Solutions.Catalogo.API.csproj", "{B8848878-0905-485B-8E3E-D814E13E62B5}"
EndProject
Project("{9A19103F-16F7-4668-BE54-9A1E7A4F7556}") = "MJ.Solutions.Pagamento.API", "src\Services\MJ.Solutions.Pagamento.API\MJ.Solutions.Pagamento.API.csproj", "{32F62F99-283B-4970-9CB3-09BB265961BA}"
EndProject
Project("{9A19103F-16F7-4668-BE54-9A1E7A4F7556}") = "MJ.Solutions.Pedido.API", "src\Services\MJ.Solutions.Pedido.API\MJ.Solutions.Pedido.API.csproj", "{D045812E-47E0-4CCD-B5A5-5F7ABF32A3AA}"
EndProject
Project("{2150E333-8FDC-42A3-9474-1A3956D46DE8}") = "Services", "Services", "{8E7A3833-1207-48FC-B2F4-717BAD23835D}"
EndProject
Project("{FAE04EC0-301F-11D3-BF4B-00C04F79EFBC}") = "MJ.Solutions.WebAPI.Core", "src\Building Blocks\MJ.Solutions.WebAPI.Core\MJ.Solutions.WebAPI.Core.csproj", "{CD6B4BF0-44EE-4864-8902-8542CDD1936F}"
EndProject
Global
	GlobalSection(SolutionConfigurationPlatforms) = preSolution
		Debug|Any CPU = Debug|Any CPU
		Release|Any CPU = Release|Any CPU
	EndGlobalSection
	GlobalSection(ProjectConfigurationPlatforms) = postSolution
		{D120BFA9-D400-454F-9163-3703CA18F363}.Debug|Any CPU.ActiveCfg = Debug|Any CPU
		{D120BFA9-D400-454F-9163-3703CA18F363}.Debug|Any CPU.Build.0 = Debug|Any CPU
		{D120BFA9-D400-454F-9163-3703CA18F363}.Release|Any CPU.ActiveCfg = Release|Any CPU
		{D120BFA9-D400-454F-9163-3703CA18F363}.Release|Any CPU.Build.0 = Release|Any CPU
		{E1E8879B-938A-4A2A-9319-2423AFAB1A8D}.Debug|Any CPU.ActiveCfg = Debug|Any CPU
		{E1E8879B-938A-4A2A-9319-2423AFAB1A8D}.Debug|Any CPU.Build.0 = Debug|Any CPU
		{E1E8879B-938A-4A2A-9319-2423AFAB1A8D}.Release|Any CPU.ActiveCfg = Release|Any CPU
		{E1E8879B-938A-4A2A-9319-2423AFAB1A8D}.Release|Any CPU.Build.0 = Release|Any CPU
		{9EE21F97-CE8F-4026-9E43-9FEF5EB24919}.Debug|Any CPU.ActiveCfg = Debug|Any CPU
		{9EE21F97-CE8F-4026-9E43-9FEF5EB24919}.Debug|Any CPU.Build.0 = Debug|Any CPU
		{9EE21F97-CE8F-4026-9E43-9FEF5EB24919}.Release|Any CPU.ActiveCfg = Release|Any CPU
		{9EE21F97-CE8F-4026-9E43-9FEF5EB24919}.Release|Any CPU.Build.0 = Release|Any CPU
		{6A88A378-AD01-4964-86E9-E64A5A244A4A}.Debug|Any CPU.ActiveCfg = Debug|Any CPU
		{6A88A378-AD01-4964-86E9-E64A5A244A4A}.Debug|Any CPU.Build.0 = Debug|Any CPU
		{6A88A378-AD01-4964-86E9-E64A5A244A4A}.Release|Any CPU.ActiveCfg = Release|Any CPU
		{6A88A378-AD01-4964-86E9-E64A5A244A4A}.Release|Any CPU.Build.0 = Release|Any CPU
		{83E00DF3-2F98-4D35-B620-8ED1D9D0E6B6}.Debug|Any CPU.ActiveCfg = Debug|Any CPU
		{83E00DF3-2F98-4D35-B620-8ED1D9D0E6B6}.Debug|Any CPU.Build.0 = Debug|Any CPU
		{83E00DF3-2F98-4D35-B620-8ED1D9D0E6B6}.Release|Any CPU.ActiveCfg = Release|Any CPU
		{83E00DF3-2F98-4D35-B620-8ED1D9D0E6B6}.Release|Any CPU.Build.0 = Release|Any CPU
		{B8848878-0905-485B-8E3E-D814E13E62B5}.Debug|Any CPU.ActiveCfg = Debug|Any CPU
		{B8848878-0905-485B-8E3E-D814E13E62B5}.Debug|Any CPU.Build.0 = Debug|Any CPU
		{B8848878-0905-485B-8E3E-D814E13E62B5}.Release|Any CPU.ActiveCfg = Release|Any CPU
		{B8848878-0905-485B-8E3E-D814E13E62B5}.Release|Any CPU.Build.0 = Release|Any CPU
		{32F62F99-283B-4970-9CB3-09BB265961BA}.Debug|Any CPU.ActiveCfg = Debug|Any CPU
		{32F62F99-283B-4970-9CB3-09BB265961BA}.Debug|Any CPU.Build.0 = Debug|Any CPU
		{32F62F99-283B-4970-9CB3-09BB265961BA}.Release|Any CPU.ActiveCfg = Release|Any CPU
		{32F62F99-283B-4970-9CB3-09BB265961BA}.Release|Any CPU.Build.0 = Release|Any CPU
		{D045812E-47E0-4CCD-B5A5-5F7ABF32A3AA}.Debug|Any CPU.ActiveCfg = Debug|Any CPU
		{D045812E-47E0-4CCD-B5A5-5F7ABF32A3AA}.Debug|Any CPU.Build.0 = Debug|Any CPU
		{D045812E-47E0-4CCD-B5A5-5F7ABF32A3AA}.Release|Any CPU.ActiveCfg = Release|Any CPU
		{D045812E-47E0-4CCD-B5A5-5F7ABF32A3AA}.Release|Any CPU.Build.0 = Release|Any CPU
		{CD6B4BF0-44EE-4864-8902-8542CDD1936F}.Debug|Any CPU.ActiveCfg = Debug|Any CPU
		{CD6B4BF0-44EE-4864-8902-8542CDD1936F}.Debug|Any CPU.Build.0 = Debug|Any CPU
		{CD6B4BF0-44EE-4864-8902-8542CDD1936F}.Release|Any CPU.ActiveCfg = Release|Any CPU
		{CD6B4BF0-44EE-4864-8902-8542CDD1936F}.Release|Any CPU.Build.0 = Release|Any CPU
	EndGlobalSection
	GlobalSection(SolutionProperties) = preSolution
		HideSolutionNode = FALSE
	EndGlobalSection
	GlobalSection(NestedProjects) = preSolution
		{45494BDD-2158-4798-AC0B-792D903F2E8F} = {31A076A9-A02E-4B1E-AD26-6F9204D835C6}
		{FC3DDBE3-ED0E-414F-8DBE-0DD227BE15A8} = {31A076A9-A02E-4B1E-AD26-6F9204D835C6}
		{C706E230-24D3-4222-8436-54A86A603564} = {45494BDD-2158-4798-AC0B-792D903F2E8F}
		{D120BFA9-D400-454F-9163-3703CA18F363} = {FC3DDBE3-ED0E-414F-8DBE-0DD227BE15A8}
		{76E8FAC5-EE22-4EB8-BAE2-A1EB56E2A6AD} = {31A076A9-A02E-4B1E-AD26-6F9204D835C6}
		{3D2DF580-1F9F-4411-A5CA-C98BC420853F} = {76E8FAC5-EE22-4EB8-BAE2-A1EB56E2A6AD}
		{D7554F42-7957-473D-AD5A-1D923E92CAE4} = {76E8FAC5-EE22-4EB8-BAE2-A1EB56E2A6AD}
		{5A8D8438-DFCB-48FC-8C7C-008314BED846} = {76E8FAC5-EE22-4EB8-BAE2-A1EB56E2A6AD}
		{6CD967AF-A0B6-4942-8A84-51787D1582D2} = {76E8FAC5-EE22-4EB8-BAE2-A1EB56E2A6AD}
		{DDC6C746-9DD6-40F7-85B6-745CA5FB9046} = {76E8FAC5-EE22-4EB8-BAE2-A1EB56E2A6AD}
		{31EF924E-457C-4815-8382-2695C1F0DBF8} = {76E8FAC5-EE22-4EB8-BAE2-A1EB56E2A6AD}
		{E1E8879B-938A-4A2A-9319-2423AFAB1A8D} = {6CD967AF-A0B6-4942-8A84-51787D1582D2}
		{9EE21F97-CE8F-4026-9E43-9FEF5EB24919} = {3D2DF580-1F9F-4411-A5CA-C98BC420853F}
		{6A88A378-AD01-4964-86E9-E64A5A244A4A} = {5A8D8438-DFCB-48FC-8C7C-008314BED846}
		{83E00DF3-2F98-4D35-B620-8ED1D9D0E6B6} = {C706E230-24D3-4222-8436-54A86A603564}
		{B8848878-0905-485B-8E3E-D814E13E62B5} = {D7554F42-7957-473D-AD5A-1D923E92CAE4}
		{32F62F99-283B-4970-9CB3-09BB265961BA} = {DDC6C746-9DD6-40F7-85B6-745CA5FB9046}
		{D045812E-47E0-4CCD-B5A5-5F7ABF32A3AA} = {31EF924E-457C-4815-8382-2695C1F0DBF8}
		{8E7A3833-1207-48FC-B2F4-717BAD23835D} = {45494BDD-2158-4798-AC0B-792D903F2E8F}
		{CD6B4BF0-44EE-4864-8902-8542CDD1936F} = {8E7A3833-1207-48FC-B2F4-717BAD23835D}
	EndGlobalSection
	GlobalSection(ExtensibilityGlobals) = postSolution
		SolutionGuid = {3B17EF77-6640-4AC9-B229-6843983A6EAB}
	EndGlobalSection
EndGlobal
